// !$*UTF8*$!
{
	archiveVersion = 1;
	classes = {
	};
	objectVersion = 46;
	objects = {

/* Begin PBXBuildFile section */
		7E20D8851B45107400A3262A /* AppDelegate.swift in Sources */ = {isa = PBXBuildFile; fileRef = 7E20D8841B45107400A3262A /* AppDelegate.swift */; };
		7E20D8871B45107400A3262A /* ViewController.swift in Sources */ = {isa = PBXBuildFile; fileRef = 7E20D8861B45107400A3262A /* ViewController.swift */; };
		7E20D88A1B45107500A3262A /* Main.storyboard in Resources */ = {isa = PBXBuildFile; fileRef = 7E20D8881B45107400A3262A /* Main.storyboard */; };
		7E20D88C1B45107500A3262A /* Assets.xcassets in Resources */ = {isa = PBXBuildFile; fileRef = 7E20D88B1B45107500A3262A /* Assets.xcassets */; };
		7E20D88F1B45107500A3262A /* LaunchScreen.storyboard in Resources */ = {isa = PBXBuildFile; fileRef = 7E20D88D1B45107500A3262A /* LaunchScreen.storyboard */; };
/* End PBXBuildFile section */

/* Begin PBXFileReference section */
		7E20D8811B45107400A3262A /* WordDocGenerator-Swift.app */ = {isa = PBXFileReference; explicitFileType = wrapper.application; includeInIndex = 0; path = "WordDocGenerator-Swift.app"; sourceTree = BUILT_PRODUCTS_DIR; };
		7E20D8841B45107400A3262A /* AppDelegate.swift */ = {isa = PBXFileReference; lastKnownFileType = sourcecode.swift; path = AppDelegate.swift; sourceTree = "<group>"; };
		7E20D8861B45107400A3262A /* ViewController.swift */ = {isa = PBXFileReference; lastKnownFileType = sourcecode.swift; path = ViewController.swift; sourceTree = "<group>"; };
		7E20D8891B45107400A3262A /* Base */ = {isa = PBXFileReference; lastKnownFileType = file.storyboard; name = Base; path = Base.lproj/Main.storyboard; sourceTree = "<group>"; };
		7E20D88B1B45107500A3262A /* Assets.xcassets */ = {isa = PBXFileReference; lastKnownFileType = folder.assetcatalog; path = Assets.xcassets; sourceTree = "<group>"; };
		7E20D88E1B45107500A3262A /* Base */ = {isa = PBXFileReference; lastKnownFileType = file.storyboard; name = Base; path = Base.lproj/LaunchScreen.storyboard; sourceTree = "<group>"; };
		7E20D8901B45107500A3262A /* Info.plist */ = {isa = PBXFileReference; lastKnownFileType = text.plist.xml; path = Info.plist; sourceTree = "<group>"; };
/* End PBXFileReference section */

/* Begin PBXFrameworksBuildPhase section */
		7E20D87E1B45107400A3262A /* Frameworks */ = {
			isa = PBXFrameworksBuildPhase;
			buildActionMask = 2147483647;
			files = (
			);
			runOnlyForDeploymentPostprocessing = 0;
		};
/* End PBXFrameworksBuildPhase section */

/* Begin PBXGroup section */
		7E20D8781B45107400A3262A = {
			isa = PBXGroup;
			children = (
				7E20D8831B45107400A3262A /* WordDocGenerator-Swift */,
				7E20D8821B45107400A3262A /* Products */,
			);
			sourceTree = "<group>";
		};
		7E20D8821B45107400A3262A /* Products */ = {
			isa = PBXGroup;
			children = (
				7E20D8811B45107400A3262A /* WordDocGenerator-Swift.app */,
			);
			name = Products;
			sourceTree = "<group>";
		};
		7E20D8831B45107400A3262A /* WordDocGenerator-Swift */ = {
			isa = PBXGroup;
			children = (
				7E20D8841B45107400A3262A /* AppDelegate.swift */,
				7E20D8861B45107400A3262A /* ViewController.swift */,
				7E20D8881B45107400A3262A /* Main.storyboard */,
				7E20D88B1B45107500A3262A /* Assets.xcassets */,
				7E20D88D1B45107500A3262A /* LaunchScreen.storyboard */,
				7E20D8901B45107500A3262A /* Info.plist */,
			);
			path = "WordDocGenerator-Swift";
			sourceTree = "<group>";
		};
/* End PBXGroup section */

/* Begin PBXNativeTarget section */
		7E20D8801B45107400A3262A /* WordDocGenerator-Swift */ = {
			isa = PBXNativeTarget;
			buildConfigurationList = 7E20D8931B45107500A3262A /* Build configuration list for PBXNativeTarget "WordDocGenerator-Swift" */;
			buildPhases = (
				7E20D87D1B45107400A3262A /* Sources */,
				7E20D87E1B45107400A3262A /* Frameworks */,
				7E20D87F1B45107400A3262A /* Resources */,
			);
			buildRules = (
			);
			dependencies = (
			);
			name = "WordDocGenerator-Swift";
			productName = "WordDocGenerator-Swift";
			productReference = 7E20D8811B45107400A3262A /* WordDocGenerator-Swift.app */;
			productType = "com.apple.product-type.application";
		};
/* End PBXNativeTarget section */

/* Begin PBXProject section */
		7E20D8791B45107400A3262A /* Project object */ = {
			isa = PBXProject;
			attributes = {
				LastUpgradeCheck = 0700;
				ORGANIZATIONNAME = Company_Name;
				TargetAttributes = {
					7E20D8801B45107400A3262A = {
						CreatedOnToolsVersion = 7.0;
					};
				};
			};
			buildConfigurationList = 7E20D87C1B45107400A3262A /* Build configuration list for PBXProject "WordDocGenerator-Swift" */;
			compatibilityVersion = "Xcode 3.2";
			developmentRegion = English;
			hasScannedForEncodings = 0;
			knownRegions = (
				en,
				Base,
			);
			mainGroup = 7E20D8781B45107400A3262A;
			productRefGroup = 7E20D8821B45107400A3262A /* Products */;
			projectDirPath = "";
			projectRoot = "";
			targets = (
				7E20D8801B45107400A3262A /* WordDocGenerator-Swift */,
			);
		};
/* End PBXProject section */

/* Begin PBXResourcesBuildPhase section */
		7E20D87F1B45107400A3262A /* Resources */ = {
			isa = PBXResourcesBuildPhase;
			buildActionMask = 2147483647;
			files = (
				7E20D88F1B45107500A3262A /* LaunchScreen.storyboard in Resources */,
				7E20D88C1B45107500A3262A /* Assets.xcassets in Resources */,
				7E20D88A1B45107500A3262A /* Main.storyboard in Resources */,
			);
			runOnlyForDeploymentPostprocessing = 0;
		};
/* End PBXResourcesBuildPhase section */

/* Begin PBXSourcesBuildPhase section */
		7E20D87D1B45107400A3262A /* Sources */ = {
			isa = PBXSourcesBuildPhase;
			buildActionMask = 2147483647;
			files = (
				7E20D8871B45107400A3262A /* ViewController.swift in Sources */,
				7E20D8851B45107400A3262A /* AppDelegate.swift in Sources */,
			);
			runOnlyForDeploymentPostprocessing = 0;
		};
/* End PBXSourcesBuildPhase section */

/* Begin PBXVariantGroup section */
		7E20D8881B45107400A3262A /* Main.storyboard */ = {
			isa = PBXVariantGroup;
			children = (
				7E20D8891B45107400A3262A /* Base */,
			);
			name = Main.storyboard;
			sourceTree = "<group>";
		};
		7E20D88D1B45107500A3262A /* LaunchScreen.storyboard */ = {
			isa = PBXVariantGroup;
			children = (
				7E20D88E1B45107500A3262A /* Base */,
			);
			name = LaunchScreen.storyboard;
			sourceTree = "<group>";
		};
/* End PBXVariantGroup section */

/* Begin XCBuildConfiguration section */
		7E20D8911B45107500A3262A /* Debug */ = {
			isa = XCBuildConfiguration;
			buildSettings = {
				ALWAYS_SEARCH_USER_PATHS = NO;
				CLANG_CXX_LANGUAGE_STANDARD = "gnu++0x";
				CLANG_CXX_LIBRARY = "libc++";
				CLANG_ENABLE_MODULES = YES;
				CLANG_ENABLE_OBJC_ARC = YES;
				CLANG_WARN_BOOL_CONVERSION = YES;
				CLANG_WARN_CONSTANT_CONVERSION = YES;
				CLANG_WARN_DIRECT_OBJC_ISA_USAGE = YES_ERROR;
				CLANG_WARN_EMPTY_BODY = YES;
				CLANG_WARN_ENUM_CONVERSION = YES;
				CLANG_WARN_INT_CONVERSION = YES;
				CLANG_WARN_OBJC_ROOT_CLASS = YES_ERROR;
				CLANG_WARN_UNREACHABLE_CODE = YES;
				CLANG_WARN__DUPLICATE_METHOD_MATCH = YES;
				"CODE_SIGN_IDENTITY[sdk=iphoneos*]" = "iPhone Developer";
				COPY_PHASE_STRIP = NO;
				DEBUG_INFORMATION_FORMAT = dwarf;
				ENABLE_STRICT_OBJC_MSGSEND = YES;
				ENABLE_TESTABILITY = YES;
				GCC_C_LANGUAGE_STANDARD = gnu99;
				GCC_DYNAMIC_NO_PIC = NO;
				GCC_NO_COMMON_BLOCKS = YES;
				GCC_OPTIMIZATION_LEVEL = 0;
				GCC_PREPROCESSOR_DEFINITIONS = (
					"DEBUG=1",
					"$(inherited)",
				);
				GCC_WARN_64_TO_32_BIT_CONVERSION = YES;
				GCC_WARN_ABOUT_RETURN_TYPE = YES_ERROR;
				GCC_WARN_UNDECLARED_SELECTOR = YES;
				GCC_WARN_UNINITIALIZED_AUTOS = YES_AGGRESSIVE;
				GCC_WARN_UNUSED_FUNCTION = YES;
				GCC_WARN_UNUSED_VARIABLE = YES;
				IPHONEOS_DEPLOYMENT_TARGET = 9.0;
				MTL_ENABLE_DEBUG_INFO = YES;
				ONLY_ACTIVE_ARCH = YES;
				SDKROOT = iphoneos;
				SWIFT_OPTIMIZATION_LEVEL = "-Onone";
			};
			name = Debug;
		};
		7E20D8921B45107500A3262A /* Release */ = {
			isa = XCBuildConfiguration;
			buildSettings = {
				ALWAYS_SEARCH_USER_PATHS = NO;
				CLANG_CXX_LANGUAGE_STANDARD = "gnu++0x";
				CLANG_CXX_LIBRARY = "libc++";
				CLANG_ENABLE_MODULES = YES;
				CLANG_ENABLE_OBJC_ARC = YES;
				CLANG_WARN_BOOL_CONVERSION = YES;
				CLANG_WARN_CONSTANT_CONVERSION = YES;
				CLANG_WARN_DIRECT_OBJC_ISA_USAGE = YES_ERROR;
				CLANG_WARN_EMPTY_BODY = YES;
				CLANG_WARN_ENUM_CONVERSION = YES;
				CLANG_WARN_INT_CONVERSION = YES;
				CLANG_WARN_OBJC_ROOT_CLASS = YES_ERROR;
				CLANG_WARN_UNREACHABLE_CODE = YES;
				CLANG_WARN__DUPLICATE_METHOD_MATCH = YES;
				"CODE_SIGN_IDENTITY[sdk=iphoneos*]" = "iPhone Developer";
				COPY_PHASE_STRIP = NO;
				DEBUG_INFORMATION_FORMAT = "dwarf-with-dsym";
				ENABLE_NS_ASSERTIONS = NO;
				ENABLE_STRICT_OBJC_MSGSEND = YES;
				GCC_C_LANGUAGE_STANDARD = gnu99;
				GCC_NO_COMMON_BLOCKS = YES;
				GCC_WARN_64_TO_32_BIT_CONVERSION = YES;
				GCC_WARN_ABOUT_RETURN_TYPE = YES_ERROR;
				GCC_WARN_UNDECLARED_SELECTOR = YES;
				GCC_WARN_UNINITIALIZED_AUTOS = YES_AGGRESSIVE;
				GCC_WARN_UNUSED_FUNCTION = YES;
				GCC_WARN_UNUSED_VARIABLE = YES;
				IPHONEOS_DEPLOYMENT_TARGET = 9.0;
				MTL_ENABLE_DEBUG_INFO = NO;
				SDKROOT = iphoneos;
				VALIDATE_PRODUCT = YES;
			};
			name = Release;
		};
		7E20D8941B45107500A3262A /* Debug */ = {
			isa = XCBuildConfiguration;
			buildSettings = {
				ASSETCATALOG_COMPILER_APPICON_NAME = AppIcon;
				INFOPLIST_FILE = "WordDocGenerator-Swift/Info.plist";
				LD_RUNPATH_SEARCH_PATHS = "$(inherited) @executable_path/Frameworks";
				PRODUCT_BUNDLE_IDENTIFIER = "Demo.WordDocGenerator-Swift";
				PRODUCT_NAME = "$(TARGET_NAME)";
			};
			name = Debug;
		};
		7E20D8951B45107500A3262A /* Release */ = {
			isa = XCBuildConfiguration;
			buildSettings = {
				ASSETCATALOG_COMPILER_APPICON_NAME = AppIcon;
				INFOPLIST_FILE = "WordDocGenerator-Swift/Info.plist";
				LD_RUNPATH_SEARCH_PATHS = "$(inherited) @executable_path/Frameworks";
				PRODUCT_BUNDLE_IDENTIFIER = "Demo.WordDocGenerator-Swift";
				PRODUCT_NAME = "$(TARGET_NAME)";
			};
			name = Release;
		};
/* End XCBuildConfiguration section */

/* Begin XCConfigurationList section */
		7E20D87C1B45107400A3262A /* Build configuration list for PBXProject "WordDocGenerator-Swift" */ = {
			isa = XCConfigurationList;
			buildConfigurations = (
				7E20D8911B45107500A3262A /* Debug */,
				7E20D8921B45107500A3262A /* Release */,
			);
			defaultConfigurationIsVisible = 0;
			defaultConfigurationName = Release;
		};
		7E20D8931B45107500A3262A /* Build configuration list for PBXNativeTarget "WordDocGenerator-Swift" */ = {
			isa = XCConfigurationList;
			buildConfigurations = (
				7E20D8941B45107500A3262A /* Debug */,
				7E20D8951B45107500A3262A /* Release */,
			);
			defaultConfigurationIsVisible = 0;
		};
/* End XCConfigurationList section */
	};
	rootObject = 7E20D8791B45107400A3262A /* Project object */;
}
